
Microsoft Visual Studio Solution File, Format Version 12.00
# Visual Studio Version 16
VisualStudioVersion = 25.0.1704.2
MinimumVisualStudioVersion = 10.0.40219.1
Project("{FAE04EC0-301F-11D3-BF4B-00C04F79EFBC}") = "H4x2-Simulator", "H4x2-Simulator\H4x2-Simulator.csproj", "{5911CDCB-06B5-4D37-94F9-4F1088F19183}"
EndProject
Global
	GlobalSection(SolutionConfigurationPlatforms) = preSolution
		Debug|Any CPU = Debug|Any CPU
		Release|Any CPU = Release|Any CPU
	EndGlobalSection
	GlobalSection(ProjectConfigurationPlatforms) = postSolution
		{5911CDCB-06B5-4D37-94F9-4F1088F19183}.Debug|Any CPU.ActiveCfg = Debug|Any CPU
		{5911CDCB-06B5-4D37-94F9-4F1088F19183}.Debug|Any CPU.Build.0 = Debug|Any CPU
		{5911CDCB-06B5-4D37-94F9-4F1088F19183}.Release|Any CPU.ActiveCfg = Release|Any CPU
		{5911CDCB-06B5-4D37-94F9-4F1088F19183}.Release|Any CPU.Build.0 = Release|Any CPU
	EndGlobalSection
	GlobalSection(SolutionProperties) = preSolution
		HideSolutionNode = FALSE
	EndGlobalSection
	GlobalSection(ExtensibilityGlobals) = postSolution
		SolutionGuid = {5B4D8563-207D-422F-A087-8FBEF4CECFCF}
	EndGlobalSection
EndGlobal
